
Microsoft Visual Studio Solution File, Format Version 12.00
Project("{FAE04EC0-301F-11D3-BF4B-00C04F79EFBC}") = "dck_pihole2influx", "dck_pihole2influx\dck_pihole2influx.csproj", "{AB006CB1-0F1D-4BD2-B221-8E3FDC0F2D51}"
EndProject
Global
	GlobalSection(SolutionConfigurationPlatforms) = preSolution
		Debug|Any CPU = Debug|Any CPU
		Release|Any CPU = Release|Any CPU
	EndGlobalSection
	GlobalSection(ProjectConfigurationPlatforms) = postSolution
		{AB006CB1-0F1D-4BD2-B221-8E3FDC0F2D51}.Debug|Any CPU.ActiveCfg = Debug|Any CPU
		{AB006CB1-0F1D-4BD2-B221-8E3FDC0F2D51}.Debug|Any CPU.Build.0 = Debug|Any CPU
		{AB006CB1-0F1D-4BD2-B221-8E3FDC0F2D51}.Release|Any CPU.ActiveCfg = Release|Any CPU
		{AB006CB1-0F1D-4BD2-B221-8E3FDC0F2D51}.Release|Any CPU.Build.0 = Release|Any CPU
	EndGlobalSection
EndGlobal
